
Microsoft Visual Studio Solution File, Format Version 12.00
# Visual Studio 15
VisualStudioVersion = 15.0.27428.2043
MinimumVisualStudioVersion = 10.0.40219.1
Project("{FAE04EC0-301F-11D3-BF4B-00C04F79EFBC}") = "Laundromat", "Laundromat\Laundromat.csproj", "{08F001D3-B2B0-4674-B5C0-D31C8E5E1449}"
EndProject
Global
	GlobalSection(SolutionConfigurationPlatforms) = preSolution
		Debug|Any CPU = Debug|Any CPU
		Release|Any CPU = Release|Any CPU
	EndGlobalSection
	GlobalSection(ProjectConfigurationPlatforms) = postSolution
		{08F001D3-B2B0-4674-B5C0-D31C8E5E1449}.Debug|Any CPU.ActiveCfg = Debug|Any CPU
		{08F001D3-B2B0-4674-B5C0-D31C8E5E1449}.Debug|Any CPU.Build.0 = Debug|Any CPU
		{08F001D3-B2B0-4674-B5C0-D31C8E5E1449}.Release|Any CPU.ActiveCfg = Release|Any CPU
		{08F001D3-B2B0-4674-B5C0-D31C8E5E1449}.Release|Any CPU.Build.0 = Release|Any CPU
	EndGlobalSection
	GlobalSection(SolutionProperties) = preSolution
		HideSolutionNode = FALSE
	EndGlobalSection
	GlobalSection(ExtensibilityGlobals) = postSolution
		SolutionGuid = {BAB50D68-9A6C-432D-AAA6-2CF27F1A9AD7}
	EndGlobalSection
EndGlobal
